
Microsoft Visual Studio Solution File, Format Version 12.00
# Visual Studio Version 17
VisualStudioVersion = 17.3.32811.315
MinimumVisualStudioVersion = 10.0.40219.1
Project("{FAE04EC0-301F-11D3-BF4B-00C04F79EFBC}") = "NetworkProgramming", "NetworkProgramming.csproj", "{ED654CD3-E7A3-4FF2-B86E-950A6ED2752D}"
EndProject
Global
	GlobalSection(SolutionConfigurationPlatforms) = preSolution
		Debug|Any CPU = Debug|Any CPU
		Release|Any CPU = Release|Any CPU
	EndGlobalSection
	GlobalSection(ProjectConfigurationPlatforms) = postSolution
		{ED654CD3-E7A3-4FF2-B86E-950A6ED2752D}.Debug|Any CPU.ActiveCfg = Debug|Any CPU
		{ED654CD3-E7A3-4FF2-B86E-950A6ED2752D}.Debug|Any CPU.Build.0 = Debug|Any CPU
		{ED654CD3-E7A3-4FF2-B86E-950A6ED2752D}.Release|Any CPU.ActiveCfg = Release|Any CPU
		{ED654CD3-E7A3-4FF2-B86E-950A6ED2752D}.Release|Any CPU.Build.0 = Release|Any CPU
	EndGlobalSection
	GlobalSection(SolutionProperties) = preSolution
		HideSolutionNode = FALSE
	EndGlobalSection
	GlobalSection(ExtensibilityGlobals) = postSolution
		SolutionGuid = {3EB642B0-E783-4B96-ADDF-EF342D011C72}
	EndGlobalSection
EndGlobal
